
Microsoft Visual Studio Solution File, Format Version 12.00
# Visual Studio Version 17
VisualStudioVersion = 17.2.32519.379
MinimumVisualStudioVersion = 10.0.40219.1
Project("{9A19103F-16F7-4668-BE54-9A1E7A4F7556}") = "M001", "M001\M001.csproj", "{5DB65D4E-E387-4070-9A1F-81EA99380130}"
EndProject
Project("{9A19103F-16F7-4668-BE54-9A1E7A4F7556}") = "M002", "M002\M002.csproj", "{8849B82B-7C82-4CA9-8C44-E7D856222484}"
EndProject
Project("{9A19103F-16F7-4668-BE54-9A1E7A4F7556}") = "M003", "M003\M003.csproj", "{99574680-5917-426A-9930-3D4C77C31F13}"
EndProject
Project("{9A19103F-16F7-4668-BE54-9A1E7A4F7556}") = "M004", "M004\M004.csproj", "{C2911B1E-8147-4F7A-8289-7758715334D8}"
EndProject
Project("{9A19103F-16F7-4668-BE54-9A1E7A4F7556}") = "M005", "M005\M005.csproj", "{C938C24D-426B-4E8B-AFB4-526E589438DF}"
EndProject
Project("{9A19103F-16F7-4668-BE54-9A1E7A4F7556}") = "M006", "M006\M006.csproj", "{52919754-42E8-43BB-9482-0AA106C2602A}"
EndProject
Project("{9A19103F-16F7-4668-BE54-9A1E7A4F7556}") = "M007", "M007\M007.csproj", "{4022AA3E-3D3B-4363-A174-BED0124AC505}"
EndProject
Project("{9A19103F-16F7-4668-BE54-9A1E7A4F7556}") = "M008", "M008\M008.csproj", "{CE2C6F45-2C72-496A-9BE9-F84334F57E7B}"
EndProject
Project("{FAE04EC0-301F-11D3-BF4B-00C04F79EFBC}") = "M009", "M009\M009.csproj", "{25C0F002-0672-407B-9F6E-DEDD78540760}"
EndProject
Project("{FAE04EC0-301F-11D3-BF4B-00C04F79EFBC}") = "M010", "M010\M010.csproj", "{FC946ECB-DEF9-422D-9C88-DF24861E8F5D}"
EndProject
Project("{FAE04EC0-301F-11D3-BF4B-00C04F79EFBC}") = "M011", "M011\M011.csproj", "{5086502F-23A0-4AB2-8A7B-D9E67744B740}"
EndProject
Global
	GlobalSection(SolutionConfigurationPlatforms) = preSolution
		Debug|Any CPU = Debug|Any CPU
		Release|Any CPU = Release|Any CPU
	EndGlobalSection
	GlobalSection(ProjectConfigurationPlatforms) = postSolution
		{5DB65D4E-E387-4070-9A1F-81EA99380130}.Debug|Any CPU.ActiveCfg = Debug|Any CPU
		{5DB65D4E-E387-4070-9A1F-81EA99380130}.Debug|Any CPU.Build.0 = Debug|Any CPU
		{5DB65D4E-E387-4070-9A1F-81EA99380130}.Release|Any CPU.ActiveCfg = Release|Any CPU
		{5DB65D4E-E387-4070-9A1F-81EA99380130}.Release|Any CPU.Build.0 = Release|Any CPU
		{8849B82B-7C82-4CA9-8C44-E7D856222484}.Debug|Any CPU.ActiveCfg = Debug|Any CPU
		{8849B82B-7C82-4CA9-8C44-E7D856222484}.Debug|Any CPU.Build.0 = Debug|Any CPU
		{8849B82B-7C82-4CA9-8C44-E7D856222484}.Release|Any CPU.ActiveCfg = Release|Any CPU
		{8849B82B-7C82-4CA9-8C44-E7D856222484}.Release|Any CPU.Build.0 = Release|Any CPU
		{99574680-5917-426A-9930-3D4C77C31F13}.Debug|Any CPU.ActiveCfg = Debug|Any CPU
		{99574680-5917-426A-9930-3D4C77C31F13}.Debug|Any CPU.Build.0 = Debug|Any CPU
		{99574680-5917-426A-9930-3D4C77C31F13}.Release|Any CPU.ActiveCfg = Release|Any CPU
		{99574680-5917-426A-9930-3D4C77C31F13}.Release|Any CPU.Build.0 = Release|Any CPU
		{C2911B1E-8147-4F7A-8289-7758715334D8}.Debug|Any CPU.ActiveCfg = Debug|Any CPU
		{C2911B1E-8147-4F7A-8289-7758715334D8}.Debug|Any CPU.Build.0 = Debug|Any CPU
		{C2911B1E-8147-4F7A-8289-7758715334D8}.Release|Any CPU.ActiveCfg = Release|Any CPU
		{C2911B1E-8147-4F7A-8289-7758715334D8}.Release|Any CPU.Build.0 = Release|Any CPU
		{C938C24D-426B-4E8B-AFB4-526E589438DF}.Debug|Any CPU.ActiveCfg = Debug|Any CPU
		{C938C24D-426B-4E8B-AFB4-526E589438DF}.Debug|Any CPU.Build.0 = Debug|Any CPU
		{C938C24D-426B-4E8B-AFB4-526E589438DF}.Release|Any CPU.ActiveCfg = Release|Any CPU
		{C938C24D-426B-4E8B-AFB4-526E589438DF}.Release|Any CPU.Build.0 = Release|Any CPU
		{52919754-42E8-43BB-9482-0AA106C2602A}.Debug|Any CPU.ActiveCfg = Debug|Any CPU
		{52919754-42E8-43BB-9482-0AA106C2602A}.Debug|Any CPU.Build.0 = Debug|Any CPU
		{52919754-42E8-43BB-9482-0AA106C2602A}.Release|Any CPU.ActiveCfg = Release|Any CPU
		{52919754-42E8-43BB-9482-0AA106C2602A}.Release|Any CPU.Build.0 = Release|Any CPU
		{4022AA3E-3D3B-4363-A174-BED0124AC505}.Debug|Any CPU.ActiveCfg = Debug|Any CPU
		{4022AA3E-3D3B-4363-A174-BED0124AC505}.Debug|Any CPU.Build.0 = Debug|Any CPU
		{4022AA3E-3D3B-4363-A174-BED0124AC505}.Release|Any CPU.ActiveCfg = Release|Any CPU
		{4022AA3E-3D3B-4363-A174-BED0124AC505}.Release|Any CPU.Build.0 = Release|Any CPU
		{CE2C6F45-2C72-496A-9BE9-F84334F57E7B}.Debug|Any CPU.ActiveCfg = Debug|Any CPU
		{CE2C6F45-2C72-496A-9BE9-F84334F57E7B}.Debug|Any CPU.Build.0 = Debug|Any CPU
		{CE2C6F45-2C72-496A-9BE9-F84334F57E7B}.Release|Any CPU.ActiveCfg = Release|Any CPU
		{CE2C6F45-2C72-496A-9BE9-F84334F57E7B}.Release|Any CPU.Build.0 = Release|Any CPU
		{25C0F002-0672-407B-9F6E-DEDD78540760}.Debug|Any CPU.ActiveCfg = Debug|Any CPU
		{25C0F002-0672-407B-9F6E-DEDD78540760}.Debug|Any CPU.Build.0 = Debug|Any CPU
		{25C0F002-0672-407B-9F6E-DEDD78540760}.Release|Any CPU.ActiveCfg = Release|Any CPU
		{25C0F002-0672-407B-9F6E-DEDD78540760}.Release|Any CPU.Build.0 = Release|Any CPU
		{FC946ECB-DEF9-422D-9C88-DF24861E8F5D}.Debug|Any CPU.ActiveCfg = Debug|Any CPU
		{FC946ECB-DEF9-422D-9C88-DF24861E8F5D}.Debug|Any CPU.Build.0 = Debug|Any CPU
		{FC946ECB-DEF9-422D-9C88-DF24861E8F5D}.Release|Any CPU.ActiveCfg = Release|Any CPU
		{FC946ECB-DEF9-422D-9C88-DF24861E8F5D}.Release|Any CPU.Build.0 = Release|Any CPU
		{5086502F-23A0-4AB2-8A7B-D9E67744B740}.Debug|Any CPU.ActiveCfg = Debug|Any CPU
		{5086502F-23A0-4AB2-8A7B-D9E67744B740}.Debug|Any CPU.Build.0 = Debug|Any CPU
		{5086502F-23A0-4AB2-8A7B-D9E67744B740}.Release|Any CPU.ActiveCfg = Release|Any CPU
		{5086502F-23A0-4AB2-8A7B-D9E67744B740}.Release|Any CPU.Build.0 = Release|Any CPU
	EndGlobalSection
	GlobalSection(SolutionProperties) = preSolution
		HideSolutionNode = FALSE
	EndGlobalSection
	GlobalSection(ExtensibilityGlobals) = postSolution
		SolutionGuid = {080F9110-ADD3-4E98-8082-519EF1A2CB65}
	EndGlobalSection
EndGlobal
